{
  "version": 4,
  "terraform_version": "1.13.5",
  "serial": 24,
  "lineage": "81d2217c-f5fc-b53c-7fc8-90f122b07c14",
  "outputs": {
    "all_instance_ids": {
      "value": [
        "i-0fc6f7abb83cb13cc",
        "i-04db5fa4e416ffeca",
        "i-0eb2d7775c3e205d5"
      ],
      "type": [
        "tuple",
        [
          "string",
          "string",
          "string"
        ]
      ]
    },
    "all_private_ips": {
      "value": [
        "172.31.20.77",
        "172.31.24.50",
        "172.31.27.161"
      ],
      "type": [
        "tuple",
        [
          "string",
          "string",
          "string"
        ]
      ]
    },
    "app_server_eip_public_ip": {
      "value": "51.21.66.243",
      "type": "string"
    },
    "app_server_id": {
      "value": "i-04db5fa4e416ffeca",
      "type": "string"
    },
    "app_server_private_ip": {
      "value": "172.31.24.50",
      "type": "string"
    },
    "app_server_public_ip": {
      "value": "16.16.65.104",
      "type": "string"
    },
    "app_server_tags": {
      "value": {
        "Name": "app_server_terraform",
        "owner": "anton_dev_ops",
        "project": "terraform_lunch"
      },
      "type": [
        "map",
        "string"
      ]
    },
    "db_server_eip_public_ip": {
      "value": "13.50.152.37",
      "type": "string"
    },
    "db_server_id": {
      "value": "i-0eb2d7775c3e205d5",
      "type": "string"
    },
    "db_server_private_ip": {
      "value": "172.31.27.161",
      "type": "string"
    },
    "db_server_public_ip": {
      "value": "16.170.163.25",
      "type": "string"
    },
    "db_server_tags": {
      "value": {
        "Name": "db_server_terraform",
        "owner": "anton_dev_ops",
        "project": "terraform_lunch"
      },
      "type": [
        "map",
        "string"
      ]
    },
    "instances_map": {
      "value": {
        "app": "i-04db5fa4e416ffeca",
        "db": "i-0eb2d7775c3e205d5",
        "web": "i-0fc6f7abb83cb13cc"
      },
      "type": [
        "object",
        {
          "app": "string",
          "db": "string",
          "web": "string"
        }
      ]
    },
    "web_server_availability_zone": {
      "value": "eu-north-1a",
      "type": "string"
    },
    "web_server_eip_public_ip": {
      "value": "16.170.88.88",
      "type": "string"
    },
    "web_server_id": {
      "value": "i-0fc6f7abb83cb13cc",
      "type": "string"
    },
    "web_server_private_dns": {
      "value": "ip-172-31-20-77.eu-north-1.compute.internal",
      "type": "string"
    },
    "web_server_private_ip": {
      "value": "172.31.20.77",
      "type": "string"
    },
    "web_server_public_dns": {
      "value": "ec2-13-49-57-193.eu-north-1.compute.amazonaws.com",
      "type": "string"
    },
    "web_server_public_ip": {
      "value": "13.49.57.193",
      "type": "string"
    },
    "web_server_tags": {
      "value": {
        "Name": "web_server_terraform",
        "owner": "anton_dev_ops",
        "project": "terraform_lunch"
      },
      "type": [
        "map",
        "string"
      ]
    }
  },
  "resources": [
    {
      "mode": "managed",
      "type": "aws_eip",
      "name": "app_server_eip",
      "provider": "provider[\"registry.terraform.io/hashicorp/aws\"]",
      "instances": [
        {
          "schema_version": 0,
          "attributes": {
            "address": null,
            "allocation_id": "eipalloc-05a9b7f0a9f345515",
            "arn": "arn:aws:ec2:eu-north-1:852552850148:elastic-ip/eipalloc-05a9b7f0a9f345515",
            "associate_with_private_ip": null,
            "association_id": "eipassoc-074142fcf8fddcefe",
            "carrier_ip": "",
            "customer_owned_ip": "",
            "customer_owned_ipv4_pool": "",
            "domain": "vpc",
            "id": "eipalloc-05a9b7f0a9f345515",
            "instance": "i-04db5fa4e416ffeca",
            "ipam_pool_id": null,
            "network_border_group": "eu-north-1",
            "network_interface": "eni-092e2c7f7b08ef261",
            "private_dns": "ip-172-31-24-50.eu-north-1.compute.internal",
            "private_ip": "172.31.24.50",
            "ptr_record": "",
            "public_dns": "ec2-51-21-66-243.eu-north-1.compute.amazonaws.com",
            "public_ip": "51.21.66.243",
            "public_ipv4_pool": "amazon",
            "region": "eu-north-1",
            "tags": null,
            "tags_all": {},
            "timeouts": null
          },
          "sensitive_attributes": [],
          "identity_schema_version": 0,
          "private": "eyJlMmJmYjczMC1lY2FhLTExZTYtOGY4OC0zNDM2M2JjN2M0YzAiOnsiZGVsZXRlIjoxODAwMDAwMDAwMDAsInJlYWQiOjkwMDAwMDAwMDAwMCwidXBkYXRlIjozMDAwMDAwMDAwMDB9fQ==",
          "dependencies": [
            "aws_instance.app_server",
            "aws_instance.db_server",
            "aws_security_group.nginx_sg"
          ],
          "create_before_destroy": true
        }
      ]
    },
    {
      "mode": "managed",
      "type": "aws_eip",
      "name": "db_server_eip",
      "provider": "provider[\"registry.terraform.io/hashicorp/aws\"]",
      "instances": [
        {
          "schema_version": 0,
          "attributes": {
            "address": null,
            "allocation_id": "eipalloc-04371774110cc5903",
            "arn": "arn:aws:ec2:eu-north-1:852552850148:elastic-ip/eipalloc-04371774110cc5903",
            "associate_with_private_ip": null,
            "association_id": "eipassoc-01c07815a1c588ead",
            "carrier_ip": "",
            "customer_owned_ip": "",
            "customer_owned_ipv4_pool": "",
            "domain": "vpc",
            "id": "eipalloc-04371774110cc5903",
            "instance": "i-0eb2d7775c3e205d5",
            "ipam_pool_id": null,
            "network_border_group": "eu-north-1",
            "network_interface": "eni-0577af84fb0b73c20",
            "private_dns": "ip-172-31-27-161.eu-north-1.compute.internal",
            "private_ip": "172.31.27.161",
            "ptr_record": "",
            "public_dns": "ec2-13-50-152-37.eu-north-1.compute.amazonaws.com",
            "public_ip": "13.50.152.37",
            "public_ipv4_pool": "amazon",
            "region": "eu-north-1",
            "tags": null,
            "tags_all": {},
            "timeouts": null
          },
          "sensitive_attributes": [],
          "identity_schema_version": 0,
          "private": "eyJlMmJmYjczMC1lY2FhLTExZTYtOGY4OC0zNDM2M2JjN2M0YzAiOnsiZGVsZXRlIjoxODAwMDAwMDAwMDAsInJlYWQiOjkwMDAwMDAwMDAwMCwidXBkYXRlIjozMDAwMDAwMDAwMDB9fQ==",
          "dependencies": [
            "aws_instance.db_server",
            "aws_security_group.nginx_sg"
          ],
          "create_before_destroy": true
        }
      ]
    },
    {
      "mode": "managed",
      "type": "aws_eip",
      "name": "web_server_eip",
      "provider": "provider[\"registry.terraform.io/hashicorp/aws\"]",
      "instances": [
        {
          "schema_version": 0,
          "attributes": {
            "address": null,
            "allocation_id": "eipalloc-0c650828027528096",
            "arn": "arn:aws:ec2:eu-north-1:852552850148:elastic-ip/eipalloc-0c650828027528096",
            "associate_with_private_ip": null,
            "association_id": "eipassoc-058cfecd1320d6458",
            "carrier_ip": "",
            "customer_owned_ip": "",
            "customer_owned_ipv4_pool": "",
            "domain": "vpc",
            "id": "eipalloc-0c650828027528096",
            "instance": "i-0fc6f7abb83cb13cc",
            "ipam_pool_id": null,
            "network_border_group": "eu-north-1",
            "network_interface": "eni-0090c38e8a4c84e5a",
            "private_dns": "ip-172-31-20-77.eu-north-1.compute.internal",
            "private_ip": "172.31.20.77",
            "ptr_record": "",
            "public_dns": "ec2-16-170-88-88.eu-north-1.compute.amazonaws.com",
            "public_ip": "16.170.88.88",
            "public_ipv4_pool": "amazon",
            "region": "eu-north-1",
            "tags": null,
            "tags_all": {},
            "timeouts": null
          },
          "sensitive_attributes": [],
          "identity_schema_version": 0,
          "private": "eyJlMmJmYjczMC1lY2FhLTExZTYtOGY4OC0zNDM2M2JjN2M0YzAiOnsiZGVsZXRlIjoxODAwMDAwMDAwMDAsInJlYWQiOjkwMDAwMDAwMDAwMCwidXBkYXRlIjozMDAwMDAwMDAwMDB9fQ==",
          "dependencies": [
            "aws_instance.db_server",
            "aws_instance.web_server",
            "aws_security_group.nginx_sg"
          ],
          "create_before_destroy": true
        }
      ]
    },
    {
      "mode": "managed",
      "type": "aws_instance",
      "name": "app_server",
      "provider": "provider[\"registry.terraform.io/hashicorp/aws\"]",
      "instances": [
        {
          "schema_version": 2,
          "attributes": {
            "ami": "ami-0fa91bc90632c73c9",
            "arn": "arn:aws:ec2:eu-north-1:852552850148:instance/i-04db5fa4e416ffeca",
            "associate_public_ip_address": true,
            "availability_zone": "eu-north-1a",
            "capacity_reservation_specification": [
              {
                "capacity_reservation_preference": "open",
                "capacity_reservation_target": []
              }
            ],
            "cpu_options": [
              {
                "amd_sev_snp": "",
                "core_count": 1,
                "threads_per_core": 2
              }
            ],
            "credit_specification": [
              {
                "cpu_credits": "unlimited"
              }
            ],
            "disable_api_stop": false,
            "disable_api_termination": false,
            "ebs_block_device": [],
            "ebs_optimized": false,
            "enable_primary_ipv6": null,
            "enclave_options": [
              {
                "enabled": false
              }
            ],
            "ephemeral_block_device": [],
            "force_destroy": false,
            "get_password_data": false,
            "hibernation": false,
            "host_id": "",
            "host_resource_group_arn": null,
            "iam_instance_profile": "",
            "id": "i-04db5fa4e416ffeca",
            "instance_initiated_shutdown_behavior": "stop",
            "instance_lifecycle": "",
            "instance_market_options": [],
            "instance_state": "running",
            "instance_type": "t3.micro",
            "ipv6_address_count": 0,
            "ipv6_addresses": [],
            "key_name": "super_duper",
            "launch_template": [],
            "maintenance_options": [
              {
                "auto_recovery": "default"
              }
            ],
            "metadata_options": [
              {
                "http_endpoint": "enabled",
                "http_protocol_ipv6": "disabled",
                "http_put_response_hop_limit": 2,
                "http_tokens": "required",
                "instance_metadata_tags": "disabled"
              }
            ],
            "monitoring": false,
            "network_interface": [],
            "outpost_arn": "",
            "password_data": "",
            "placement_group": "",
            "placement_group_id": "",
            "placement_partition_number": 0,
            "primary_network_interface": [
              {
                "delete_on_termination": true,
                "network_interface_id": "eni-092e2c7f7b08ef261"
              }
            ],
            "primary_network_interface_id": "eni-092e2c7f7b08ef261",
            "private_dns": "ip-172-31-24-50.eu-north-1.compute.internal",
            "private_dns_name_options": [
              {
                "enable_resource_name_dns_a_record": false,
                "enable_resource_name_dns_aaaa_record": false,
                "hostname_type": "ip-name"
              }
            ],
            "private_ip": "172.31.24.50",
            "public_dns": "ec2-16-16-65-104.eu-north-1.compute.amazonaws.com",
            "public_ip": "16.16.65.104",
            "region": "eu-north-1",
            "root_block_device": [
              {
                "delete_on_termination": true,
                "device_name": "/dev/sda1",
                "encrypted": false,
                "iops": 3000,
                "kms_key_id": "",
                "tags": {},
                "tags_all": {},
                "throughput": 125,
                "volume_id": "vol-08c0b09b23a6895e9",
                "volume_size": 8,
                "volume_type": "gp3"
              }
            ],
            "secondary_private_ips": [],
            "security_groups": [
              "web_app_db_security_group"
            ],
            "source_dest_check": true,
            "spot_instance_request_id": "",
            "subnet_id": "subnet-0c888e2e5081401c1",
            "tags": {
              "Name": "app_server_terraform",
              "owner": "anton_dev_ops",
              "project": "terraform_lunch"
            },
            "tags_all": {
              "Name": "app_server_terraform",
              "owner": "anton_dev_ops",
              "project": "terraform_lunch"
            },
            "tenancy": "default",
            "timeouts": null,
            "user_data": "#!/bin/bash\nsudo apt-get update\nsudo apt-get install -y nginx\nsudo systemctl start nginx\nsudo systemctl enable nginx",
            "user_data_base64": null,
            "user_data_replace_on_change": false,
            "volume_tags": null,
            "vpc_security_group_ids": [
              "sg-0d7e6f5488054ead9"
            ]
          },
          "sensitive_attributes": [],
          "identity_schema_version": 0,
          "identity": {
            "account_id": "852552850148",
            "id": "i-04db5fa4e416ffeca",
            "region": "eu-north-1"
          },
          "private": "eyJlMmJmYjczMC1lY2FhLTExZTYtOGY4OC0zNDM2M2JjN2M0YzAiOnsiY3JlYXRlIjo2MDAwMDAwMDAwMDAsImRlbGV0ZSI6MTIwMDAwMDAwMDAwMCwicmVhZCI6OTAwMDAwMDAwMDAwLCJ1cGRhdGUiOjYwMDAwMDAwMDAwMH0sInNjaGVtYV92ZXJzaW9uIjoiMiJ9",
          "dependencies": [
            "aws_instance.db_server",
            "aws_security_group.nginx_sg"
          ],
          "create_before_destroy": true
        }
      ]
    },
    {
      "mode": "managed",
      "type": "aws_instance",
      "name": "db_server",
      "provider": "provider[\"registry.terraform.io/hashicorp/aws\"]",
      "instances": [
        {
          "schema_version": 2,
          "attributes": {
            "ami": "ami-0fa91bc90632c73c9",
            "arn": "arn:aws:ec2:eu-north-1:852552850148:instance/i-0eb2d7775c3e205d5",
            "associate_public_ip_address": true,
            "availability_zone": "eu-north-1a",
            "capacity_reservation_specification": [
              {
                "capacity_reservation_preference": "open",
                "capacity_reservation_target": []
              }
            ],
            "cpu_options": [
              {
                "amd_sev_snp": "",
                "core_count": 1,
                "threads_per_core": 2
              }
            ],
            "credit_specification": [
              {
                "cpu_credits": "unlimited"
              }
            ],
            "disable_api_stop": false,
            "disable_api_termination": false,
            "ebs_block_device": [],
            "ebs_optimized": false,
            "enable_primary_ipv6": null,
            "enclave_options": [
              {
                "enabled": false
              }
            ],
            "ephemeral_block_device": [],
            "force_destroy": false,
            "get_password_data": false,
            "hibernation": false,
            "host_id": "",
            "host_resource_group_arn": null,
            "iam_instance_profile": "",
            "id": "i-0eb2d7775c3e205d5",
            "instance_initiated_shutdown_behavior": "stop",
            "instance_lifecycle": "",
            "instance_market_options": [],
            "instance_state": "running",
            "instance_type": "t3.micro",
            "ipv6_address_count": 0,
            "ipv6_addresses": [],
            "key_name": "super_duper",
            "launch_template": [],
            "maintenance_options": [
              {
                "auto_recovery": "default"
              }
            ],
            "metadata_options": [
              {
                "http_endpoint": "enabled",
                "http_protocol_ipv6": "disabled",
                "http_put_response_hop_limit": 2,
                "http_tokens": "required",
                "instance_metadata_tags": "disabled"
              }
            ],
            "monitoring": false,
            "network_interface": [],
            "outpost_arn": "",
            "password_data": "",
            "placement_group": "",
            "placement_group_id": "",
            "placement_partition_number": 0,
            "primary_network_interface": [
              {
                "delete_on_termination": true,
                "network_interface_id": "eni-0577af84fb0b73c20"
              }
            ],
            "primary_network_interface_id": "eni-0577af84fb0b73c20",
            "private_dns": "ip-172-31-27-161.eu-north-1.compute.internal",
            "private_dns_name_options": [
              {
                "enable_resource_name_dns_a_record": false,
                "enable_resource_name_dns_aaaa_record": false,
                "hostname_type": "ip-name"
              }
            ],
            "private_ip": "172.31.27.161",
            "public_dns": "ec2-16-170-163-25.eu-north-1.compute.amazonaws.com",
            "public_ip": "16.170.163.25",
            "region": "eu-north-1",
            "root_block_device": [
              {
                "delete_on_termination": true,
                "device_name": "/dev/sda1",
                "encrypted": false,
                "iops": 3000,
                "kms_key_id": "",
                "tags": {},
                "tags_all": {},
                "throughput": 125,
                "volume_id": "vol-0b03ac633abb4ba20",
                "volume_size": 8,
                "volume_type": "gp3"
              }
            ],
            "secondary_private_ips": [],
            "security_groups": [
              "web_app_db_security_group"
            ],
            "source_dest_check": true,
            "spot_instance_request_id": "",
            "subnet_id": "subnet-0c888e2e5081401c1",
            "tags": {
              "Name": "db_server_terraform",
              "owner": "anton_dev_ops",
              "project": "terraform_lunch"
            },
            "tags_all": {
              "Name": "db_server_terraform",
              "owner": "anton_dev_ops",
              "project": "terraform_lunch"
            },
            "tenancy": "default",
            "timeouts": null,
            "user_data": "#!/bin/bash\nsudo apt-get update\nsudo apt-get install -y nginx\nsudo systemctl start nginx\nsudo systemctl enable nginx",
            "user_data_base64": null,
            "user_data_replace_on_change": false,
            "volume_tags": null,
            "vpc_security_group_ids": [
              "sg-0d7e6f5488054ead9"
            ]
          },
          "sensitive_attributes": [],
          "identity_schema_version": 0,
          "identity": {
            "account_id": "852552850148",
            "id": "i-0eb2d7775c3e205d5",
            "region": "eu-north-1"
          },
          "private": "eyJlMmJmYjczMC1lY2FhLTExZTYtOGY4OC0zNDM2M2JjN2M0YzAiOnsiY3JlYXRlIjo2MDAwMDAwMDAwMDAsImRlbGV0ZSI6MTIwMDAwMDAwMDAwMCwicmVhZCI6OTAwMDAwMDAwMDAwLCJ1cGRhdGUiOjYwMDAwMDAwMDAwMH0sInNjaGVtYV92ZXJzaW9uIjoiMiJ9",
          "dependencies": [
            "aws_security_group.nginx_sg"
          ],
          "create_before_destroy": true
        }
      ]
    },
    {
      "mode": "managed",
      "type": "aws_instance",
      "name": "web_server",
      "provider": "provider[\"registry.terraform.io/hashicorp/aws\"]",
      "instances": [
        {
          "schema_version": 2,
          "attributes": {
            "ami": "ami-0fa91bc90632c73c9",
            "arn": "arn:aws:ec2:eu-north-1:852552850148:instance/i-0fc6f7abb83cb13cc",
            "associate_public_ip_address": true,
            "availability_zone": "eu-north-1a",
            "capacity_reservation_specification": [
              {
                "capacity_reservation_preference": "open",
                "capacity_reservation_target": []
              }
            ],
            "cpu_options": [
              {
                "amd_sev_snp": "",
                "core_count": 1,
                "threads_per_core": 2
              }
            ],
            "credit_specification": [
              {
                "cpu_credits": "unlimited"
              }
            ],
            "disable_api_stop": false,
            "disable_api_termination": false,
            "ebs_block_device": [],
            "ebs_optimized": false,
            "enable_primary_ipv6": null,
            "enclave_options": [
              {
                "enabled": false
              }
            ],
            "ephemeral_block_device": [],
            "force_destroy": false,
            "get_password_data": false,
            "hibernation": false,
            "host_id": "",
            "host_resource_group_arn": null,
            "iam_instance_profile": "",
            "id": "i-0fc6f7abb83cb13cc",
            "instance_initiated_shutdown_behavior": "stop",
            "instance_lifecycle": "",
            "instance_market_options": [],
            "instance_state": "running",
            "instance_type": "t3.micro",
            "ipv6_address_count": 0,
            "ipv6_addresses": [],
            "key_name": "super_duper",
            "launch_template": [],
            "maintenance_options": [
              {
                "auto_recovery": "default"
              }
            ],
            "metadata_options": [
              {
                "http_endpoint": "enabled",
                "http_protocol_ipv6": "disabled",
                "http_put_response_hop_limit": 2,
                "http_tokens": "required",
                "instance_metadata_tags": "disabled"
              }
            ],
            "monitoring": false,
            "network_interface": [],
            "outpost_arn": "",
            "password_data": "",
            "placement_group": "",
            "placement_group_id": "",
            "placement_partition_number": 0,
            "primary_network_interface": [
              {
                "delete_on_termination": true,
                "network_interface_id": "eni-0090c38e8a4c84e5a"
              }
            ],
            "primary_network_interface_id": "eni-0090c38e8a4c84e5a",
            "private_dns": "ip-172-31-20-77.eu-north-1.compute.internal",
            "private_dns_name_options": [
              {
                "enable_resource_name_dns_a_record": false,
                "enable_resource_name_dns_aaaa_record": false,
                "hostname_type": "ip-name"
              }
            ],
            "private_ip": "172.31.20.77",
            "public_dns": "ec2-13-49-57-193.eu-north-1.compute.amazonaws.com",
            "public_ip": "13.49.57.193",
            "region": "eu-north-1",
            "root_block_device": [
              {
                "delete_on_termination": true,
                "device_name": "/dev/sda1",
                "encrypted": false,
                "iops": 3000,
                "kms_key_id": "",
                "tags": {},
                "tags_all": {},
                "throughput": 125,
                "volume_id": "vol-07c367ac6556414b9",
                "volume_size": 8,
                "volume_type": "gp3"
              }
            ],
            "secondary_private_ips": [],
            "security_groups": [
              "web_app_db_security_group"
            ],
            "source_dest_check": true,
            "spot_instance_request_id": "",
            "subnet_id": "subnet-0c888e2e5081401c1",
            "tags": {
              "Name": "web_server_terraform",
              "owner": "anton_dev_ops",
              "project": "terraform_lunch"
            },
            "tags_all": {
              "Name": "web_server_terraform",
              "owner": "anton_dev_ops",
              "project": "terraform_lunch"
            },
            "tenancy": "default",
            "timeouts": null,
            "user_data": "#!/bin/bash\nsudo apt-get update\nsudo apt-get install -y nginx\nsudo systemctl start nginx\nsudo systemctl enable nginx",
            "user_data_base64": null,
            "user_data_replace_on_change": false,
            "volume_tags": null,
            "vpc_security_group_ids": [
              "sg-0d7e6f5488054ead9"
            ]
          },
          "sensitive_attributes": [],
          "identity_schema_version": 0,
          "identity": {
            "account_id": "852552850148",
            "id": "i-0fc6f7abb83cb13cc",
            "region": "eu-north-1"
          },
          "private": "eyJlMmJmYjczMC1lY2FhLTExZTYtOGY4OC0zNDM2M2JjN2M0YzAiOnsiY3JlYXRlIjo2MDAwMDAwMDAwMDAsImRlbGV0ZSI6MTIwMDAwMDAwMDAwMCwicmVhZCI6OTAwMDAwMDAwMDAwLCJ1cGRhdGUiOjYwMDAwMDAwMDAwMH0sInNjaGVtYV92ZXJzaW9uIjoiMiJ9",
          "dependencies": [
            "aws_instance.db_server",
            "aws_security_group.nginx_sg"
          ],
          "create_before_destroy": true
        }
      ]
    },
    {
      "mode": "managed",
      "type": "aws_security_group",
      "name": "nginx_sg",
      "provider": "provider[\"registry.terraform.io/hashicorp/aws\"]",
      "instances": [
        {
          "schema_version": 1,
          "attributes": {
            "arn": "arn:aws:ec2:eu-north-1:852552850148:security-group/sg-0d7e6f5488054ead9",
            "description": "Allow HTTP/HTTPS/SSH",
            "egress": [
              {
                "cidr_blocks": [
                  "0.0.0.0/0"
                ],
                "description": "",
                "from_port": 0,
                "ipv6_cidr_blocks": [],
                "prefix_list_ids": [],
                "protocol": "-1",
                "security_groups": [],
                "self": false,
                "to_port": 0
              }
            ],
            "id": "sg-0d7e6f5488054ead9",
            "ingress": [
              {
                "cidr_blocks": [
                  "0.0.0.0/0"
                ],
                "description": "",
                "from_port": 22,
                "ipv6_cidr_blocks": [],
                "prefix_list_ids": [],
                "protocol": "tcp",
                "security_groups": [],
                "self": false,
                "to_port": 22
              },
              {
                "cidr_blocks": [
                  "0.0.0.0/0"
                ],
                "description": "",
                "from_port": 443,
                "ipv6_cidr_blocks": [],
                "prefix_list_ids": [],
                "protocol": "tcp",
                "security_groups": [],
                "self": false,
                "to_port": 443
              },
              {
                "cidr_blocks": [
                  "0.0.0.0/0"
                ],
                "description": "",
                "from_port": 80,
                "ipv6_cidr_blocks": [],
                "prefix_list_ids": [],
                "protocol": "tcp",
                "security_groups": [],
                "self": false,
                "to_port": 80
              }
            ],
            "name": "web_app_db_security_group",
            "name_prefix": "",
            "owner_id": "852552850148",
            "region": "eu-north-1",
            "revoke_rules_on_delete": false,
            "tags": {
              "Name": "nginx_security_group"
            },
            "tags_all": {
              "Name": "nginx_security_group"
            },
            "timeouts": null,
            "vpc_id": "vpc-09533c86e477d9468"
          },
          "sensitive_attributes": [],
          "identity_schema_version": 0,
          "identity": {
            "account_id": "852552850148",
            "id": "sg-0d7e6f5488054ead9",
            "region": "eu-north-1"
          },
          "private": "eyJlMmJmYjczMC1lY2FhLTExZTYtOGY4OC0zNDM2M2JjN2M0YzAiOnsiY3JlYXRlIjo2MDAwMDAwMDAwMDAsImRlbGV0ZSI6OTAwMDAwMDAwMDAwfSwic2NoZW1hX3ZlcnNpb24iOiIxIn0=",
          "create_before_destroy": true
        }
      ]
    }
  ],
  "check_results": null
}
