{
  "version": 4,
  "terraform_version": "1.13.5",
  "serial": 13,
  "lineage": "81d2217c-f5fc-b53c-7fc8-90f122b07c14",
  "outputs": {
    "eip_allocation_id": {
      "value": "eipalloc-06f0d53f9e0d107c9",
      "type": "string"
    },
    "eip_associated_instance": {
      "value": "i-0da4c5afe77390c21",
      "type": "string"
    },
    "eip_public_ip": {
      "value": "13.50.9.202",
      "type": "string"
    },
    "instance_availability_zone": {
      "value": "eu-north-1a",
      "type": "string"
    },
    "instance_id": {
      "value": "i-0da4c5afe77390c21",
      "type": "string"
    },
    "instance_private_dns": {
      "value": "ip-172-31-31-209.eu-north-1.compute.internal",
      "type": "string"
    },
    "instance_private_ip": {
      "value": "172.31.31.209",
      "type": "string"
    },
    "instance_public_dns": {
      "value": "ec2-13-50-9-202.eu-north-1.compute.amazonaws.com",
      "type": "string"
    },
    "instance_public_ip": {
      "value": "13.50.9.202",
      "type": "string"
    },
    "instance_tags": {
      "value": {
        "Name": "instance_terraform",
        "owner": "anton_dev_ops",
        "project": "terraform_lunch"
      },
      "type": [
        "map",
        "string"
      ]
    },
    "security_group_egress_ports": {
      "value": [
        0
      ],
      "type": [
        "tuple",
        [
          "number"
        ]
      ]
    },
    "security_group_id": {
      "value": "sg-0ec7f7353581b88d8",
      "type": "string"
    },
    "security_group_ingress_ports": {
      "value": [
        22,
        443,
        80
      ],
      "type": [
        "tuple",
        [
          "number",
          "number",
          "number"
        ]
      ]
    },
    "security_group_name": {
      "value": "nginx_security_group",
      "type": "string"
    },
    "security_group_vpc_id": {
      "value": "vpc-09533c86e477d9468",
      "type": "string"
    },
    "vpc_cidr_block": {
      "value": "172.31.0.0/16",
      "type": "string"
    },
    "vpc_default_security_group_id": {
      "value": "sg-06b4ca168af2f9344",
      "type": "string"
    },
    "vpc_id": {
      "value": "vpc-09533c86e477d9468",
      "type": "string"
    }
  },
  "resources": [
    {
      "mode": "data",
      "type": "aws_security_group",
      "name": "default_sg",
      "provider": "provider[\"registry.terraform.io/hashicorp/aws\"]",
      "instances": [
        {
          "schema_version": 0,
          "attributes": {
            "arn": "arn:aws:ec2:eu-north-1:852552850148:security-group/sg-06b4ca168af2f9344",
            "description": "default VPC security group",
            "filter": [
              {
                "name": "group-name",
                "values": [
                  "default"
                ]
              },
              {
                "name": "vpc-id",
                "values": [
                  "vpc-09533c86e477d9468"
                ]
              }
            ],
            "id": "sg-06b4ca168af2f9344",
            "name": "default",
            "region": "eu-north-1",
            "tags": {
              "Name": "default"
            },
            "timeouts": null,
            "vpc_id": "vpc-09533c86e477d9468"
          },
          "sensitive_attributes": [],
          "identity_schema_version": 0
        }
      ]
    },
    {
      "mode": "data",
      "type": "aws_vpc",
      "name": "default",
      "provider": "provider[\"registry.terraform.io/hashicorp/aws\"]",
      "instances": [
        {
          "schema_version": 0,
          "attributes": {
            "arn": "arn:aws:ec2:eu-north-1:852552850148:vpc/vpc-09533c86e477d9468",
            "cidr_block": "172.31.0.0/16",
            "cidr_block_associations": [
              {
                "association_id": "vpc-cidr-assoc-0b981acd6f7dd1c95",
                "cidr_block": "172.31.0.0/16",
                "state": "associated"
              }
            ],
            "default": true,
            "dhcp_options_id": "dopt-0e86a5d044c96d297",
            "enable_dns_hostnames": true,
            "enable_dns_support": true,
            "enable_network_address_usage_metrics": false,
            "filter": null,
            "id": "vpc-09533c86e477d9468",
            "instance_tenancy": "default",
            "ipv6_association_id": "",
            "ipv6_cidr_block": "",
            "main_route_table_id": "rtb-0e7d0e3d322e7c3c0",
            "owner_id": "852552850148",
            "region": "eu-north-1",
            "state": null,
            "tags": {},
            "timeouts": null
          },
          "sensitive_attributes": [],
          "identity_schema_version": 0
        }
      ]
    },
    {
      "mode": "managed",
      "type": "aws_eip",
      "name": "my_permanent_ip",
      "provider": "provider[\"registry.terraform.io/hashicorp/aws\"]",
      "instances": [
        {
          "schema_version": 0,
          "attributes": {
            "address": null,
            "allocation_id": "eipalloc-06f0d53f9e0d107c9",
            "arn": "arn:aws:ec2:eu-north-1:852552850148:elastic-ip/eipalloc-06f0d53f9e0d107c9",
            "associate_with_private_ip": null,
            "association_id": "eipassoc-0a24233038dd30066",
            "carrier_ip": "",
            "customer_owned_ip": "",
            "customer_owned_ipv4_pool": "",
            "domain": "vpc",
            "id": "eipalloc-06f0d53f9e0d107c9",
            "instance": "i-0da4c5afe77390c21",
            "ipam_pool_id": null,
            "network_border_group": "eu-north-1",
            "network_interface": "eni-0ed536979d4c9fdc3",
            "private_dns": "ip-172-31-31-209.eu-north-1.compute.internal",
            "private_ip": "172.31.31.209",
            "ptr_record": "",
            "public_dns": "ec2-13-50-9-202.eu-north-1.compute.amazonaws.com",
            "public_ip": "13.50.9.202",
            "public_ipv4_pool": "amazon",
            "region": "eu-north-1",
            "tags": {},
            "tags_all": {},
            "timeouts": null
          },
          "sensitive_attributes": [],
          "identity_schema_version": 0,
          "private": "eyJlMmJmYjczMC1lY2FhLTExZTYtOGY4OC0zNDM2M2JjN2M0YzAiOnsiZGVsZXRlIjoxODAwMDAwMDAwMDAsInJlYWQiOjkwMDAwMDAwMDAwMCwidXBkYXRlIjozMDAwMDAwMDAwMDB9fQ==",
          "dependencies": [
            "aws_instance.ubuntu_nginx",
            "aws_security_group.nginx_sg"
          ],
          "create_before_destroy": true
        }
      ]
    },
    {
      "mode": "managed",
      "type": "aws_instance",
      "name": "ubuntu_nginx",
      "provider": "provider[\"registry.terraform.io/hashicorp/aws\"]",
      "instances": [
        {
          "schema_version": 2,
          "attributes": {
            "ami": "ami-0fa91bc90632c73c9",
            "arn": "arn:aws:ec2:eu-north-1:852552850148:instance/i-0da4c5afe77390c21",
            "associate_public_ip_address": true,
            "availability_zone": "eu-north-1a",
            "capacity_reservation_specification": [
              {
                "capacity_reservation_preference": "open",
                "capacity_reservation_target": []
              }
            ],
            "cpu_options": [
              {
                "amd_sev_snp": "",
                "core_count": 1,
                "threads_per_core": 2
              }
            ],
            "credit_specification": [
              {
                "cpu_credits": "unlimited"
              }
            ],
            "disable_api_stop": false,
            "disable_api_termination": false,
            "ebs_block_device": [],
            "ebs_optimized": false,
            "enable_primary_ipv6": null,
            "enclave_options": [
              {
                "enabled": false
              }
            ],
            "ephemeral_block_device": [],
            "force_destroy": false,
            "get_password_data": false,
            "hibernation": false,
            "host_id": "",
            "host_resource_group_arn": null,
            "iam_instance_profile": "",
            "id": "i-0da4c5afe77390c21",
            "instance_initiated_shutdown_behavior": "stop",
            "instance_lifecycle": "",
            "instance_market_options": [],
            "instance_state": "running",
            "instance_type": "t3.micro",
            "ipv6_address_count": 0,
            "ipv6_addresses": [],
            "key_name": "super_duper",
            "launch_template": [],
            "maintenance_options": [
              {
                "auto_recovery": "default"
              }
            ],
            "metadata_options": [
              {
                "http_endpoint": "enabled",
                "http_protocol_ipv6": "disabled",
                "http_put_response_hop_limit": 2,
                "http_tokens": "required",
                "instance_metadata_tags": "disabled"
              }
            ],
            "monitoring": false,
            "network_interface": [],
            "outpost_arn": "",
            "password_data": "",
            "placement_group": "",
            "placement_group_id": "",
            "placement_partition_number": 0,
            "primary_network_interface": [
              {
                "delete_on_termination": true,
                "network_interface_id": "eni-0ed536979d4c9fdc3"
              }
            ],
            "primary_network_interface_id": "eni-0ed536979d4c9fdc3",
            "private_dns": "ip-172-31-31-209.eu-north-1.compute.internal",
            "private_dns_name_options": [
              {
                "enable_resource_name_dns_a_record": false,
                "enable_resource_name_dns_aaaa_record": false,
                "hostname_type": "ip-name"
              }
            ],
            "private_ip": "172.31.31.209",
            "public_dns": "ec2-13-50-9-202.eu-north-1.compute.amazonaws.com",
            "public_ip": "13.50.9.202",
            "region": "eu-north-1",
            "root_block_device": [
              {
                "delete_on_termination": true,
                "device_name": "/dev/sda1",
                "encrypted": false,
                "iops": 3000,
                "kms_key_id": "",
                "tags": {},
                "tags_all": {},
                "throughput": 125,
                "volume_id": "vol-0e85c13eb99ad2b16",
                "volume_size": 8,
                "volume_type": "gp3"
              }
            ],
            "secondary_private_ips": [],
            "security_groups": [
              "nginx_security_group"
            ],
            "source_dest_check": true,
            "spot_instance_request_id": "",
            "subnet_id": "subnet-0c888e2e5081401c1",
            "tags": {
              "Name": "instance_terraform",
              "owner": "anton_dev_ops",
              "project": "terraform_lunch"
            },
            "tags_all": {
              "Name": "instance_terraform",
              "owner": "anton_dev_ops",
              "project": "terraform_lunch"
            },
            "tenancy": "default",
            "timeouts": null,
            "user_data": "#!/bin/bash\nsudo apt-get update\nsudo apt-get install -y nginx\nsudo systemctl start nginx\nsudo systemctl enable nginx",
            "user_data_base64": null,
            "user_data_replace_on_change": false,
            "volume_tags": null,
            "vpc_security_group_ids": [
              "sg-0ec7f7353581b88d8"
            ]
          },
          "sensitive_attributes": [],
          "identity_schema_version": 0,
          "identity": {
            "account_id": "852552850148",
            "id": "i-0da4c5afe77390c21",
            "region": "eu-north-1"
          },
          "private": "eyJlMmJmYjczMC1lY2FhLTExZTYtOGY4OC0zNDM2M2JjN2M0YzAiOnsiY3JlYXRlIjo2MDAwMDAwMDAwMDAsImRlbGV0ZSI6MTIwMDAwMDAwMDAwMCwicmVhZCI6OTAwMDAwMDAwMDAwLCJ1cGRhdGUiOjYwMDAwMDAwMDAwMH0sInNjaGVtYV92ZXJzaW9uIjoiMiJ9",
          "dependencies": [
            "aws_security_group.nginx_sg"
          ],
          "create_before_destroy": true
        }
      ]
    },
    {
      "mode": "managed",
      "type": "aws_security_group",
      "name": "nginx_sg",
      "provider": "provider[\"registry.terraform.io/hashicorp/aws\"]",
      "instances": [
        {
          "schema_version": 1,
          "attributes": {
            "arn": "arn:aws:ec2:eu-north-1:852552850148:security-group/sg-0ec7f7353581b88d8",
            "description": "Allow HTTP inbound",
            "egress": [
              {
                "cidr_blocks": [
                  "0.0.0.0/0"
                ],
                "description": "",
                "from_port": 0,
                "ipv6_cidr_blocks": [],
                "prefix_list_ids": [],
                "protocol": "-1",
                "security_groups": [],
                "self": false,
                "to_port": 0
              }
            ],
            "id": "sg-0ec7f7353581b88d8",
            "ingress": [
              {
                "cidr_blocks": [
                  "0.0.0.0/0"
                ],
                "description": "",
                "from_port": 22,
                "ipv6_cidr_blocks": [],
                "prefix_list_ids": [],
                "protocol": "tcp",
                "security_groups": [],
                "self": false,
                "to_port": 22
              },
              {
                "cidr_blocks": [
                  "0.0.0.0/0"
                ],
                "description": "",
                "from_port": 443,
                "ipv6_cidr_blocks": [],
                "prefix_list_ids": [],
                "protocol": "tcp",
                "security_groups": [],
                "self": false,
                "to_port": 443
              },
              {
                "cidr_blocks": [
                  "0.0.0.0/0"
                ],
                "description": "",
                "from_port": 80,
                "ipv6_cidr_blocks": [],
                "prefix_list_ids": [],
                "protocol": "tcp",
                "security_groups": [],
                "self": false,
                "to_port": 80
              }
            ],
            "name": "nginx_security_group",
            "name_prefix": "",
            "owner_id": "852552850148",
            "region": "eu-north-1",
            "revoke_rules_on_delete": false,
            "tags": {
              "Name": "nginx_security_group"
            },
            "tags_all": {
              "Name": "nginx_security_group"
            },
            "timeouts": null,
            "vpc_id": "vpc-09533c86e477d9468"
          },
          "sensitive_attributes": [],
          "identity_schema_version": 0,
          "identity": {
            "account_id": "852552850148",
            "id": "sg-0ec7f7353581b88d8",
            "region": "eu-north-1"
          },
          "private": "eyJlMmJmYjczMC1lY2FhLTExZTYtOGY4OC0zNDM2M2JjN2M0YzAiOnsiY3JlYXRlIjo2MDAwMDAwMDAwMDAsImRlbGV0ZSI6OTAwMDAwMDAwMDAwfSwic2NoZW1hX3ZlcnNpb24iOiIxIn0=",
          "create_before_destroy": true
        }
      ]
    }
  ],
  "check_results": null
}
